// !$*UTF8*$!
{
	archiveVersion = 1;
	classes = {
	};
	objectVersion = 50;
	objects = {

/* Begin PBXBuildFile section */
		5C2D7DDA2237FF86008A25B0 /* AppDelegate.swift in Sources */ = {isa = PBXBuildFile; fileRef = 5C2D7DD92237FF86008A25B0 /* AppDelegate.swift */; };
		5C2D7DDC2237FF86008A25B0 /* ViewController.swift in Sources */ = {isa = PBXBuildFile; fileRef = 5C2D7DDB2237FF86008A25B0 /* ViewController.swift */; };
		5C2D7DDF2237FF86008A25B0 /* Main.storyboard in Resources */ = {isa = PBXBuildFile; fileRef = 5C2D7DDD2237FF86008A25B0 /* Main.storyboard */; };
		5C2D7DE22237FF86008A25B0 /* WiproCodingTest.xcdatamodeld in Sources */ = {isa = PBXBuildFile; fileRef = 5C2D7DE02237FF86008A25B0 /* WiproCodingTest.xcdatamodeld */; };
		5C2D7DE42237FF87008A25B0 /* Assets.xcassets in Resources */ = {isa = PBXBuildFile; fileRef = 5C2D7DE32237FF87008A25B0 /* Assets.xcassets */; };
		5C2D7DE72237FF87008A25B0 /* LaunchScreen.storyboard in Resources */ = {isa = PBXBuildFile; fileRef = 5C2D7DE52237FF87008A25B0 /* LaunchScreen.storyboard */; };
		5C2D7DF22237FF87008A25B0 /* WiproCodingTestTests.swift in Sources */ = {isa = PBXBuildFile; fileRef = 5C2D7DF12237FF87008A25B0 /* WiproCodingTestTests.swift */; };
		5C2D7DFD2237FF87008A25B0 /* WiproCodingTestUITests.swift in Sources */ = {isa = PBXBuildFile; fileRef = 5C2D7DFC2237FF87008A25B0 /* WiproCodingTestUITests.swift */; };
		8FF942FCA71BBEB9767997D7 /* Pods_WiproCodingTest.framework in Frameworks */ = {isa = PBXBuildFile; fileRef = A0224B252E695D7C84856675 /* Pods_WiproCodingTest.framework */; };
		B54BCF0EAEC3B757FED1AA55 /* Pods_WiproCodingTestTests.framework in Frameworks */ = {isa = PBXBuildFile; fileRef = D38A27875224FAD95C971E28 /* Pods_WiproCodingTestTests.framework */; };
		ED7BD05926CEEBB4EEDB7DAF /* Pods_WiproCodingTestUITests.framework in Frameworks */ = {isa = PBXBuildFile; fileRef = 6D8BF60B46D4A841868C03B0 /* Pods_WiproCodingTestUITests.framework */; };
/* End PBXBuildFile section */

/* Begin PBXContainerItemProxy section */
		5C2D7DEE2237FF87008A25B0 /* PBXContainerItemProxy */ = {
			isa = PBXContainerItemProxy;
			containerPortal = 5C2D7DCE2237FF86008A25B0 /* Project object */;
			proxyType = 1;
			remoteGlobalIDString = 5C2D7DD52237FF86008A25B0;
			remoteInfo = WiproCodingTest;
		};
		5C2D7DF92237FF87008A25B0 /* PBXContainerItemProxy */ = {
			isa = PBXContainerItemProxy;
			containerPortal = 5C2D7DCE2237FF86008A25B0 /* Project object */;
			proxyType = 1;
			remoteGlobalIDString = 5C2D7DD52237FF86008A25B0;
			remoteInfo = WiproCodingTest;
		};
/* End PBXContainerItemProxy section */

/* Begin PBXFileReference section */
		25760086C564DC1A65F4F445 /* Pods-WiproCodingTestTests.release.xcconfig */ = {isa = PBXFileReference; includeInIndex = 1; lastKnownFileType = text.xcconfig; name = "Pods-WiproCodingTestTests.release.xcconfig"; path = "Pods/Target Support Files/Pods-WiproCodingTestTests/Pods-WiproCodingTestTests.release.xcconfig"; sourceTree = "<group>"; };
		58CFA0A7BA8EB0D43288A45B /* Pods-WiproCodingTest.debug.xcconfig */ = {isa = PBXFileReference; includeInIndex = 1; lastKnownFileType = text.xcconfig; name = "Pods-WiproCodingTest.debug.xcconfig"; path = "Pods/Target Support Files/Pods-WiproCodingTest/Pods-WiproCodingTest.debug.xcconfig"; sourceTree = "<group>"; };
		5C2D7DD62237FF86008A25B0 /* WiproCodingTest.app */ = {isa = PBXFileReference; explicitFileType = wrapper.application; includeInIndex = 0; path = WiproCodingTest.app; sourceTree = BUILT_PRODUCTS_DIR; };
		5C2D7DD92237FF86008A25B0 /* AppDelegate.swift */ = {isa = PBXFileReference; lastKnownFileType = sourcecode.swift; path = AppDelegate.swift; sourceTree = "<group>"; };
		5C2D7DDB2237FF86008A25B0 /* ViewController.swift */ = {isa = PBXFileReference; lastKnownFileType = sourcecode.swift; path = ViewController.swift; sourceTree = "<group>"; };
		5C2D7DDE2237FF86008A25B0 /* Base */ = {isa = PBXFileReference; lastKnownFileType = file.storyboard; name = Base; path = Base.lproj/Main.storyboard; sourceTree = "<group>"; };
		5C2D7DE12237FF86008A25B0 /* WiproCodingTest.xcdatamodel */ = {isa = PBXFileReference; lastKnownFileType = wrapper.xcdatamodel; path = WiproCodingTest.xcdatamodel; sourceTree = "<group>"; };
		5C2D7DE32237FF87008A25B0 /* Assets.xcassets */ = {isa = PBXFileReference; lastKnownFileType = folder.assetcatalog; path = Assets.xcassets; sourceTree = "<group>"; };
		5C2D7DE62237FF87008A25B0 /* Base */ = {isa = PBXFileReference; lastKnownFileType = file.storyboard; name = Base; path = Base.lproj/LaunchScreen.storyboard; sourceTree = "<group>"; };
		5C2D7DE82237FF87008A25B0 /* Info.plist */ = {isa = PBXFileReference; lastKnownFileType = text.plist.xml; path = Info.plist; sourceTree = "<group>"; };
		5C2D7DED2237FF87008A25B0 /* WiproCodingTestTests.xctest */ = {isa = PBXFileReference; explicitFileType = wrapper.cfbundle; includeInIndex = 0; path = WiproCodingTestTests.xctest; sourceTree = BUILT_PRODUCTS_DIR; };
		5C2D7DF12237FF87008A25B0 /* WiproCodingTestTests.swift */ = {isa = PBXFileReference; lastKnownFileType = sourcecode.swift; path = WiproCodingTestTests.swift; sourceTree = "<group>"; };
		5C2D7DF32237FF87008A25B0 /* Info.plist */ = {isa = PBXFileReference; lastKnownFileType = text.plist.xml; path = Info.plist; sourceTree = "<group>"; };
		5C2D7DF82237FF87008A25B0 /* WiproCodingTestUITests.xctest */ = {isa = PBXFileReference; explicitFileType = wrapper.cfbundle; includeInIndex = 0; path = WiproCodingTestUITests.xctest; sourceTree = BUILT_PRODUCTS_DIR; };
		5C2D7DFC2237FF87008A25B0 /* WiproCodingTestUITests.swift */ = {isa = PBXFileReference; lastKnownFileType = sourcecode.swift; path = WiproCodingTestUITests.swift; sourceTree = "<group>"; };
		5C2D7DFE2237FF87008A25B0 /* Info.plist */ = {isa = PBXFileReference; lastKnownFileType = text.plist.xml; path = Info.plist; sourceTree = "<group>"; };
		6D8BF60B46D4A841868C03B0 /* Pods_WiproCodingTestUITests.framework */ = {isa = PBXFileReference; explicitFileType = wrapper.framework; includeInIndex = 0; path = Pods_WiproCodingTestUITests.framework; sourceTree = BUILT_PRODUCTS_DIR; };
		706DE9F4AE573FEF6AE8D2D9 /* Pods-WiproCodingTestUITests.debug.xcconfig */ = {isa = PBXFileReference; includeInIndex = 1; lastKnownFileType = text.xcconfig; name = "Pods-WiproCodingTestUITests.debug.xcconfig"; path = "Pods/Target Support Files/Pods-WiproCodingTestUITests/Pods-WiproCodingTestUITests.debug.xcconfig"; sourceTree = "<group>"; };
		8F159DFC9E6391C7B41EEFF9 /* Pods-WiproCodingTest.release.xcconfig */ = {isa = PBXFileReference; includeInIndex = 1; lastKnownFileType = text.xcconfig; name = "Pods-WiproCodingTest.release.xcconfig"; path = "Pods/Target Support Files/Pods-WiproCodingTest/Pods-WiproCodingTest.release.xcconfig"; sourceTree = "<group>"; };
		A0224B252E695D7C84856675 /* Pods_WiproCodingTest.framework */ = {isa = PBXFileReference; explicitFileType = wrapper.framework; includeInIndex = 0; path = Pods_WiproCodingTest.framework; sourceTree = BUILT_PRODUCTS_DIR; };
		D38A27875224FAD95C971E28 /* Pods_WiproCodingTestTests.framework */ = {isa = PBXFileReference; explicitFileType = wrapper.framework; includeInIndex = 0; path = Pods_WiproCodingTestTests.framework; sourceTree = BUILT_PRODUCTS_DIR; };
		F18D1B86B57F72DE752A58F9 /* Pods-WiproCodingTestUITests.release.xcconfig */ = {isa = PBXFileReference; includeInIndex = 1; lastKnownFileType = text.xcconfig; name = "Pods-WiproCodingTestUITests.release.xcconfig"; path = "Pods/Target Support Files/Pods-WiproCodingTestUITests/Pods-WiproCodingTestUITests.release.xcconfig"; sourceTree = "<group>"; };
		F86CCB32E2876EEC20E10E31 /* Pods-WiproCodingTestTests.debug.xcconfig */ = {isa = PBXFileReference; includeInIndex = 1; lastKnownFileType = text.xcconfig; name = "Pods-WiproCodingTestTests.debug.xcconfig"; path = "Pods/Target Support Files/Pods-WiproCodingTestTests/Pods-WiproCodingTestTests.debug.xcconfig"; sourceTree = "<group>"; };
/* End PBXFileReference section */

/* Begin PBXFrameworksBuildPhase section */
		5C2D7DD32237FF86008A25B0 /* Frameworks */ = {
			isa = PBXFrameworksBuildPhase;
			buildActionMask = 2147483647;
			files = (
				8FF942FCA71BBEB9767997D7 /* Pods_WiproCodingTest.framework in Frameworks */,
			);
			runOnlyForDeploymentPostprocessing = 0;
		};
		5C2D7DEA2237FF87008A25B0 /* Frameworks */ = {
			isa = PBXFrameworksBuildPhase;
			buildActionMask = 2147483647;
			files = (
				B54BCF0EAEC3B757FED1AA55 /* Pods_WiproCodingTestTests.framework in Frameworks */,
			);
			runOnlyForDeploymentPostprocessing = 0;
		};
		5C2D7DF52237FF87008A25B0 /* Frameworks */ = {
			isa = PBXFrameworksBuildPhase;
			buildActionMask = 2147483647;
			files = (
				ED7BD05926CEEBB4EEDB7DAF /* Pods_WiproCodingTestUITests.framework in Frameworks */,
			);
			runOnlyForDeploymentPostprocessing = 0;
		};
/* End PBXFrameworksBuildPhase section */

/* Begin PBXGroup section */
		541CC783743FDCB63BF30DEF /* Frameworks */ = {
			isa = PBXGroup;
			children = (
				A0224B252E695D7C84856675 /* Pods_WiproCodingTest.framework */,
				D38A27875224FAD95C971E28 /* Pods_WiproCodingTestTests.framework */,
				6D8BF60B46D4A841868C03B0 /* Pods_WiproCodingTestUITests.framework */,
			);
			name = Frameworks;
			sourceTree = "<group>";
		};
		5C2D7DCD2237FF86008A25B0 = {
			isa = PBXGroup;
			children = (
				5C2D7DD82237FF86008A25B0 /* WiproCodingTest */,
				5C2D7DF02237FF87008A25B0 /* WiproCodingTestTests */,
				5C2D7DFB2237FF87008A25B0 /* WiproCodingTestUITests */,
				5C2D7DD72237FF86008A25B0 /* Products */,
				DAA3588EC51A0316AF45B160 /* Pods */,
				541CC783743FDCB63BF30DEF /* Frameworks */,
			);
			sourceTree = "<group>";
		};
		5C2D7DD72237FF86008A25B0 /* Products */ = {
			isa = PBXGroup;
			children = (
				5C2D7DD62237FF86008A25B0 /* WiproCodingTest.app */,
				5C2D7DED2237FF87008A25B0 /* WiproCodingTestTests.xctest */,
				5C2D7DF82237FF87008A25B0 /* WiproCodingTestUITests.xctest */,
			);
			name = Products;
			sourceTree = "<group>";
		};
		5C2D7DD82237FF86008A25B0 /* WiproCodingTest */ = {
			isa = PBXGroup;
			children = (
				5C2D7DD92237FF86008A25B0 /* AppDelegate.swift */,
				5C2D7DDB2237FF86008A25B0 /* ViewController.swift */,
				5C2D7DDD2237FF86008A25B0 /* Main.storyboard */,
				5C2D7DE32237FF87008A25B0 /* Assets.xcassets */,
				5C2D7DE52237FF87008A25B0 /* LaunchScreen.storyboard */,
				5C2D7DE82237FF87008A25B0 /* Info.plist */,
				5C2D7DE02237FF86008A25B0 /* WiproCodingTest.xcdatamodeld */,
			);
			path = WiproCodingTest;
			sourceTree = "<group>";
		};
		5C2D7DF02237FF87008A25B0 /* WiproCodingTestTests */ = {
			isa = PBXGroup;
			children = (
				5C2D7DF12237FF87008A25B0 /* WiproCodingTestTests.swift */,
				5C2D7DF32237FF87008A25B0 /* Info.plist */,
			);
			path = WiproCodingTestTests;
			sourceTree = "<group>";
		};
		5C2D7DFB2237FF87008A25B0 /* WiproCodingTestUITests */ = {
			isa = PBXGroup;
			children = (
				5C2D7DFC2237FF87008A25B0 /* WiproCodingTestUITests.swift */,
				5C2D7DFE2237FF87008A25B0 /* Info.plist */,
			);
			path = WiproCodingTestUITests;
			sourceTree = "<group>";
		};
		DAA3588EC51A0316AF45B160 /* Pods */ = {
			isa = PBXGroup;
			children = (
				58CFA0A7BA8EB0D43288A45B /* Pods-WiproCodingTest.debug.xcconfig */,
				8F159DFC9E6391C7B41EEFF9 /* Pods-WiproCodingTest.release.xcconfig */,
				F86CCB32E2876EEC20E10E31 /* Pods-WiproCodingTestTests.debug.xcconfig */,
				25760086C564DC1A65F4F445 /* Pods-WiproCodingTestTests.release.xcconfig */,
				706DE9F4AE573FEF6AE8D2D9 /* Pods-WiproCodingTestUITests.debug.xcconfig */,
				F18D1B86B57F72DE752A58F9 /* Pods-WiproCodingTestUITests.release.xcconfig */,
			);
			name = Pods;
			sourceTree = "<group>";
		};
/* End PBXGroup section */

/* Begin PBXNativeTarget section */
		5C2D7DD52237FF86008A25B0 /* WiproCodingTest */ = {
			isa = PBXNativeTarget;
			buildConfigurationList = 5C2D7E012237FF87008A25B0 /* Build configuration list for PBXNativeTarget "WiproCodingTest" */;
			buildPhases = (
				1F02F38EF880949A1338F936 /* [CP] Check Pods Manifest.lock */,
				5C2D7DD22237FF86008A25B0 /* Sources */,
				5C2D7DD32237FF86008A25B0 /* Frameworks */,
				5C2D7DD42237FF86008A25B0 /* Resources */,
				B09EF023AC7FB06D169E66B9 /* [CP] Embed Pods Frameworks */,
			);
			buildRules = (
			);
			dependencies = (
			);
			name = WiproCodingTest;
			productName = WiproCodingTest;
			productReference = 5C2D7DD62237FF86008A25B0 /* WiproCodingTest.app */;
			productType = "com.apple.product-type.application";
		};
		5C2D7DEC2237FF87008A25B0 /* WiproCodingTestTests */ = {
			isa = PBXNativeTarget;
			buildConfigurationList = 5C2D7E042237FF87008A25B0 /* Build configuration list for PBXNativeTarget "WiproCodingTestTests" */;
			buildPhases = (
				68444D67B2F6C4E7F9D7A7E9 /* [CP] Check Pods Manifest.lock */,
				5C2D7DE92237FF87008A25B0 /* Sources */,
				5C2D7DEA2237FF87008A25B0 /* Frameworks */,
				5C2D7DEB2237FF87008A25B0 /* Resources */,
			);
			buildRules = (
			);
			dependencies = (
				5C2D7DEF2237FF87008A25B0 /* PBXTargetDependency */,
			);
			name = WiproCodingTestTests;
			productName = WiproCodingTestTests;
			productReference = 5C2D7DED2237FF87008A25B0 /* WiproCodingTestTests.xctest */;
			productType = "com.apple.product-type.bundle.unit-test";
		};
		5C2D7DF72237FF87008A25B0 /* WiproCodingTestUITests */ = {
			isa = PBXNativeTarget;
			buildConfigurationList = 5C2D7E072237FF87008A25B0 /* Build configuration list for PBXNativeTarget "WiproCodingTestUITests" */;
			buildPhases = (
				FFD5187B3D2DD2581DD4938F /* [CP] Check Pods Manifest.lock */,
				5C2D7DF42237FF87008A25B0 /* Sources */,
				5C2D7DF52237FF87008A25B0 /* Frameworks */,
				5C2D7DF62237FF87008A25B0 /* Resources */,
			);
			buildRules = (
			);
			dependencies = (
				5C2D7DFA2237FF87008A25B0 /* PBXTargetDependency */,
			);
			name = WiproCodingTestUITests;
			productName = WiproCodingTestUITests;
			productReference = 5C2D7DF82237FF87008A25B0 /* WiproCodingTestUITests.xctest */;
			productType = "com.apple.product-type.bundle.ui-testing";
		};
/* End PBXNativeTarget section */

/* Begin PBXProject section */
		5C2D7DCE2237FF86008A25B0 /* Project object */ = {
			isa = PBXProject;
			attributes = {
				LastSwiftUpdateCheck = 1010;
				LastUpgradeCheck = 1010;
				ORGANIZATIONNAME = "Wipro Digital";
				TargetAttributes = {
					5C2D7DD52237FF86008A25B0 = {
						CreatedOnToolsVersion = 10.1;
					};
					5C2D7DEC2237FF87008A25B0 = {
						CreatedOnToolsVersion = 10.1;
						TestTargetID = 5C2D7DD52237FF86008A25B0;
					};
					5C2D7DF72237FF87008A25B0 = {
						CreatedOnToolsVersion = 10.1;
						TestTargetID = 5C2D7DD52237FF86008A25B0;
					};
				};
			};
			buildConfigurationList = 5C2D7DD12237FF86008A25B0 /* Build configuration list for PBXProject "WiproCodingTest" */;
			compatibilityVersion = "Xcode 9.3";
			developmentRegion = en;
			hasScannedForEncodings = 0;
			knownRegions = (
				en,
				Base,
			);
			mainGroup = 5C2D7DCD2237FF86008A25B0;
			productRefGroup = 5C2D7DD72237FF86008A25B0 /* Products */;
			projectDirPath = "";
			projectRoot = "";
			targets = (
				5C2D7DD52237FF86008A25B0 /* WiproCodingTest */,
				5C2D7DEC2237FF87008A25B0 /* WiproCodingTestTests */,
				5C2D7DF72237FF87008A25B0 /* WiproCodingTestUITests */,
			);
		};
/* End PBXProject section */

/* Begin PBXResourcesBuildPhase section */
		5C2D7DD42237FF86008A25B0 /* Resources */ = {
			isa = PBXResourcesBuildPhase;
			buildActionMask = 2147483647;
			files = (
				5C2D7DE72237FF87008A25B0 /* LaunchScreen.storyboard in Resources */,
				5C2D7DE42237FF87008A25B0 /* Assets.xcassets in Resources */,
				5C2D7DDF2237FF86008A25B0 /* Main.storyboard in Resources */,
			);
			runOnlyForDeploymentPostprocessing = 0;
		};
		5C2D7DEB2237FF87008A25B0 /* Resources */ = {
			isa = PBXResourcesBuildPhase;
			buildActionMask = 2147483647;
			files = (
			);
			runOnlyForDeploymentPostprocessing = 0;
		};
		5C2D7DF62237FF87008A25B0 /* Resources */ = {
			isa = PBXResourcesBuildPhase;
			buildActionMask = 2147483647;
			files = (
			);
			runOnlyForDeploymentPostprocessing = 0;
		};
/* End PBXResourcesBuildPhase section */

/* Begin PBXShellScriptBuildPhase section */
		1F02F38EF880949A1338F936 /* [CP] Check Pods Manifest.lock */ = {
			isa = PBXShellScriptBuildPhase;
			buildActionMask = 2147483647;
			files = (
			);
			inputPaths = (
				"${PODS_PODFILE_DIR_PATH}/Podfile.lock",
				"${PODS_ROOT}/Manifest.lock",
			);
			name = "[CP] Check Pods Manifest.lock";
			outputPaths = (
				"$(DERIVED_FILE_DIR)/Pods-WiproCodingTest-checkManifestLockResult.txt",
			);
			runOnlyForDeploymentPostprocessing = 0;
			shellPath = /bin/sh;
			shellScript = "diff \"${PODS_PODFILE_DIR_PATH}/Podfile.lock\" \"${PODS_ROOT}/Manifest.lock\" > /dev/null\nif [ $? != 0 ] ; then\n    # print error to STDERR\n    echo \"error: The sandbox is not in sync with the Podfile.lock. Run 'pod install' or update your CocoaPods installation.\" >&2\n    exit 1\nfi\n# This output is used by Xcode 'outputs' to avoid re-running this script phase.\necho \"SUCCESS\" > \"${SCRIPT_OUTPUT_FILE_0}\"\n";
			showEnvVarsInLog = 0;
		};
		68444D67B2F6C4E7F9D7A7E9 /* [CP] Check Pods Manifest.lock */ = {
			isa = PBXShellScriptBuildPhase;
			buildActionMask = 2147483647;
			files = (
			);
			inputPaths = (
				"${PODS_PODFILE_DIR_PATH}/Podfile.lock",
				"${PODS_ROOT}/Manifest.lock",
			);
			name = "[CP] Check Pods Manifest.lock";
			outputPaths = (
				"$(DERIVED_FILE_DIR)/Pods-WiproCodingTestTests-checkManifestLockResult.txt",
			);
			runOnlyForDeploymentPostprocessing = 0;
			shellPath = /bin/sh;
			shellScript = "diff \"${PODS_PODFILE_DIR_PATH}/Podfile.lock\" \"${PODS_ROOT}/Manifest.lock\" > /dev/null\nif [ $? != 0 ] ; then\n    # print error to STDERR\n    echo \"error: The sandbox is not in sync with the Podfile.lock. Run 'pod install' or update your CocoaPods installation.\" >&2\n    exit 1\nfi\n# This output is used by Xcode 'outputs' to avoid re-running this script phase.\necho \"SUCCESS\" > \"${SCRIPT_OUTPUT_FILE_0}\"\n";
			showEnvVarsInLog = 0;
		};
		B09EF023AC7FB06D169E66B9 /* [CP] Embed Pods Frameworks */ = {
			isa = PBXShellScriptBuildPhase;
			buildActionMask = 2147483647;
			files = (
			);
			inputPaths = (
				"${SRCROOT}/Pods/Target Support Files/Pods-WiproCodingTest/Pods-WiproCodingTest-frameworks.sh",
				"${BUILT_PRODUCTS_DIR}/SDWebImage/SDWebImage.framework",
			);
			name = "[CP] Embed Pods Frameworks";
			outputPaths = (
				"${TARGET_BUILD_DIR}/${FRAMEWORKS_FOLDER_PATH}/SDWebImage.framework",
			);
			runOnlyForDeploymentPostprocessing = 0;
			shellPath = /bin/sh;
			shellScript = "\"${SRCROOT}/Pods/Target Support Files/Pods-WiproCodingTest/Pods-WiproCodingTest-frameworks.sh\"\n";
			showEnvVarsInLog = 0;
		};
		FFD5187B3D2DD2581DD4938F /* [CP] Check Pods Manifest.lock */ = {
			isa = PBXShellScriptBuildPhase;
			buildActionMask = 2147483647;
			files = (
			);
			inputPaths = (
				"${PODS_PODFILE_DIR_PATH}/Podfile.lock",
				"${PODS_ROOT}/Manifest.lock",
			);
			name = "[CP] Check Pods Manifest.lock";
			outputPaths = (
				"$(DERIVED_FILE_DIR)/Pods-WiproCodingTestUITests-checkManifestLockResult.txt",
			);
			runOnlyForDeploymentPostprocessing = 0;
			shellPath = /bin/sh;
			shellScript = "diff \"${PODS_PODFILE_DIR_PATH}/Podfile.lock\" \"${PODS_ROOT}/Manifest.lock\" > /dev/null\nif [ $? != 0 ] ; then\n    # print error to STDERR\n    echo \"error: The sandbox is not in sync with the Podfile.lock. Run 'pod install' or update your CocoaPods installation.\" >&2\n    exit 1\nfi\n# This output is used by Xcode 'outputs' to avoid re-running this script phase.\necho \"SUCCESS\" > \"${SCRIPT_OUTPUT_FILE_0}\"\n";
			showEnvVarsInLog = 0;
		};
/* End PBXShellScriptBuildPhase section */

/* Begin PBXSourcesBuildPhase section */
		5C2D7DD22237FF86008A25B0 /* Sources */ = {
			isa = PBXSourcesBuildPhase;
			buildActionMask = 2147483647;
			files = (
				5C2D7DDC2237FF86008A25B0 /* ViewController.swift in Sources */,
				5C2D7DDA2237FF86008A25B0 /* AppDelegate.swift in Sources */,
				5C2D7DE22237FF86008A25B0 /* WiproCodingTest.xcdatamodeld in Sources */,
			);
			runOnlyForDeploymentPostprocessing = 0;
		};
		5C2D7DE92237FF87008A25B0 /* Sources */ = {
			isa = PBXSourcesBuildPhase;
			buildActionMask = 2147483647;
			files = (
				5C2D7DF22237FF87008A25B0 /* WiproCodingTestTests.swift in Sources */,
			);
			runOnlyForDeploymentPostprocessing = 0;
		};
		5C2D7DF42237FF87008A25B0 /* Sources */ = {
			isa = PBXSourcesBuildPhase;
			buildActionMask = 2147483647;
			files = (
				5C2D7DFD2237FF87008A25B0 /* WiproCodingTestUITests.swift in Sources */,
			);
			runOnlyForDeploymentPostprocessing = 0;
		};
/* End PBXSourcesBuildPhase section */

/* Begin PBXTargetDependency section */
		5C2D7DEF2237FF87008A25B0 /* PBXTargetDependency */ = {
			isa = PBXTargetDependency;
			target = 5C2D7DD52237FF86008A25B0 /* WiproCodingTest */;
			targetProxy = 5C2D7DEE2237FF87008A25B0 /* PBXContainerItemProxy */;
		};
		5C2D7DFA2237FF87008A25B0 /* PBXTargetDependency */ = {
			isa = PBXTargetDependency;
			target = 5C2D7DD52237FF86008A25B0 /* WiproCodingTest */;
			targetProxy = 5C2D7DF92237FF87008A25B0 /* PBXContainerItemProxy */;
		};
/* End PBXTargetDependency section */

/* Begin PBXVariantGroup section */
		5C2D7DDD2237FF86008A25B0 /* Main.storyboard */ = {
			isa = PBXVariantGroup;
			children = (
				5C2D7DDE2237FF86008A25B0 /* Base */,
			);
			name = Main.storyboard;
			sourceTree = "<group>";
		};
		5C2D7DE52237FF87008A25B0 /* LaunchScreen.storyboard */ = {
			isa = PBXVariantGroup;
			children = (
				5C2D7DE62237FF87008A25B0 /* Base */,
			);
			name = LaunchScreen.storyboard;
			sourceTree = "<group>";
		};
/* End PBXVariantGroup section */

/* Begin XCBuildConfiguration section */
		5C2D7DFF2237FF87008A25B0 /* Debug */ = {
			isa = XCBuildConfiguration;
			buildSettings = {
				ALWAYS_SEARCH_USER_PATHS = NO;
				CLANG_ANALYZER_NONNULL = YES;
				CLANG_ANALYZER_NUMBER_OBJECT_CONVERSION = YES_AGGRESSIVE;
				CLANG_CXX_LANGUAGE_STANDARD = "gnu++14";
				CLANG_CXX_LIBRARY = "libc++";
				CLANG_ENABLE_MODULES = YES;
				CLANG_ENABLE_OBJC_ARC = YES;
				CLANG_ENABLE_OBJC_WEAK = YES;
				CLANG_WARN_BLOCK_CAPTURE_AUTORELEASING = YES;
				CLANG_WARN_BOOL_CONVERSION = YES;
				CLANG_WARN_COMMA = YES;
				CLANG_WARN_CONSTANT_CONVERSION = YES;
				CLANG_WARN_DEPRECATED_OBJC_IMPLEMENTATIONS = YES;
				CLANG_WARN_DIRECT_OBJC_ISA_USAGE = YES_ERROR;
				CLANG_WARN_DOCUMENTATION_COMMENTS = YES;
				CLANG_WARN_EMPTY_BODY = YES;
				CLANG_WARN_ENUM_CONVERSION = YES;
				CLANG_WARN_INFINITE_RECURSION = YES;
				CLANG_WARN_INT_CONVERSION = YES;
				CLANG_WARN_NON_LITERAL_NULL_CONVERSION = YES;
				CLANG_WARN_OBJC_IMPLICIT_RETAIN_SELF = YES;
				CLANG_WARN_OBJC_LITERAL_CONVERSION = YES;
				CLANG_WARN_OBJC_ROOT_CLASS = YES_ERROR;
				CLANG_WARN_RANGE_LOOP_ANALYSIS = YES;
				CLANG_WARN_STRICT_PROTOTYPES = YES;
				CLANG_WARN_SUSPICIOUS_MOVE = YES;
				CLANG_WARN_UNGUARDED_AVAILABILITY = YES_AGGRESSIVE;
				CLANG_WARN_UNREACHABLE_CODE = YES;
				CLANG_WARN__DUPLICATE_METHOD_MATCH = YES;
				CODE_SIGN_IDENTITY = "iPhone Developer";
				COPY_PHASE_STRIP = NO;
				DEBUG_INFORMATION_FORMAT = dwarf;
				ENABLE_STRICT_OBJC_MSGSEND = YES;
				ENABLE_TESTABILITY = YES;
				GCC_C_LANGUAGE_STANDARD = gnu11;
				GCC_DYNAMIC_NO_PIC = NO;
				GCC_NO_COMMON_BLOCKS = YES;
				GCC_OPTIMIZATION_LEVEL = 0;
				GCC_PREPROCESSOR_DEFINITIONS = (
					"DEBUG=1",
					"$(inherited)",
				);
				GCC_WARN_64_TO_32_BIT_CONVERSION = YES;
				GCC_WARN_ABOUT_RETURN_TYPE = YES_ERROR;
				GCC_WARN_UNDECLARED_SELECTOR = YES;
				GCC_WARN_UNINITIALIZED_AUTOS = YES_AGGRESSIVE;
				GCC_WARN_UNUSED_FUNCTION = YES;
				GCC_WARN_UNUSED_VARIABLE = YES;
				IPHONEOS_DEPLOYMENT_TARGET = 12.1;
				MTL_ENABLE_DEBUG_INFO = INCLUDE_SOURCE;
				MTL_FAST_MATH = YES;
				ONLY_ACTIVE_ARCH = YES;
				SDKROOT = iphoneos;
				SWIFT_ACTIVE_COMPILATION_CONDITIONS = DEBUG;
				SWIFT_OPTIMIZATION_LEVEL = "-Onone";
			};
			name = Debug;
		};
		5C2D7E002237FF87008A25B0 /* Release */ = {
			isa = XCBuildConfiguration;
			buildSettings = {
				ALWAYS_SEARCH_USER_PATHS = NO;
				CLANG_ANALYZER_NONNULL = YES;
				CLANG_ANALYZER_NUMBER_OBJECT_CONVERSION = YES_AGGRESSIVE;
				CLANG_CXX_LANGUAGE_STANDARD = "gnu++14";
				CLANG_CXX_LIBRARY = "libc++";
				CLANG_ENABLE_MODULES = YES;
				CLANG_ENABLE_OBJC_ARC = YES;
				CLANG_ENABLE_OBJC_WEAK = YES;
				CLANG_WARN_BLOCK_CAPTURE_AUTORELEASING = YES;
				CLANG_WARN_BOOL_CONVERSION = YES;
				CLANG_WARN_COMMA = YES;
				CLANG_WARN_CONSTANT_CONVERSION = YES;
				CLANG_WARN_DEPRECATED_OBJC_IMPLEMENTATIONS = YES;
				CLANG_WARN_DIRECT_OBJC_ISA_USAGE = YES_ERROR;
				CLANG_WARN_DOCUMENTATION_COMMENTS = YES;
				CLANG_WARN_EMPTY_BODY = YES;
				CLANG_WARN_ENUM_CONVERSION = YES;
				CLANG_WARN_INFINITE_RECURSION = YES;
				CLANG_WARN_INT_CONVERSION = YES;
				CLANG_WARN_NON_LITERAL_NULL_CONVERSION = YES;
				CLANG_WARN_OBJC_IMPLICIT_RETAIN_SELF = YES;
				CLANG_WARN_OBJC_LITERAL_CONVERSION = YES;
				CLANG_WARN_OBJC_ROOT_CLASS = YES_ERROR;
				CLANG_WARN_RANGE_LOOP_ANALYSIS = YES;
				CLANG_WARN_STRICT_PROTOTYPES = YES;
				CLANG_WARN_SUSPICIOUS_MOVE = YES;
				CLANG_WARN_UNGUARDED_AVAILABILITY = YES_AGGRESSIVE;
				CLANG_WARN_UNREACHABLE_CODE = YES;
				CLANG_WARN__DUPLICATE_METHOD_MATCH = YES;
				CODE_SIGN_IDENTITY = "iPhone Developer";
				COPY_PHASE_STRIP = NO;
				DEBUG_INFORMATION_FORMAT = "dwarf-with-dsym";
				ENABLE_NS_ASSERTIONS = NO;
				ENABLE_STRICT_OBJC_MSGSEND = YES;
				GCC_C_LANGUAGE_STANDARD = gnu11;
				GCC_NO_COMMON_BLOCKS = YES;
				GCC_WARN_64_TO_32_BIT_CONVERSION = YES;
				GCC_WARN_ABOUT_RETURN_TYPE = YES_ERROR;
				GCC_WARN_UNDECLARED_SELECTOR = YES;
				GCC_WARN_UNINITIALIZED_AUTOS = YES_AGGRESSIVE;
				GCC_WARN_UNUSED_FUNCTION = YES;
				GCC_WARN_UNUSED_VARIABLE = YES;
				IPHONEOS_DEPLOYMENT_TARGET = 12.1;
				MTL_ENABLE_DEBUG_INFO = NO;
				MTL_FAST_MATH = YES;
				SDKROOT = iphoneos;
				SWIFT_COMPILATION_MODE = wholemodule;
				SWIFT_OPTIMIZATION_LEVEL = "-O";
				VALIDATE_PRODUCT = YES;
			};
			name = Release;
		};
		5C2D7E022237FF87008A25B0 /* Debug */ = {
			isa = XCBuildConfiguration;
			baseConfigurationReference = 58CFA0A7BA8EB0D43288A45B /* Pods-WiproCodingTest.debug.xcconfig */;
			buildSettings = {
				ASSETCATALOG_COMPILER_APPICON_NAME = AppIcon;
				CODE_SIGN_STYLE = Automatic;
				INFOPLIST_FILE = WiproCodingTest/Info.plist;
				LD_RUNPATH_SEARCH_PATHS = (
					"$(inherited)",
					"@executable_path/Frameworks",
				);
				PRODUCT_BUNDLE_IDENTIFIER = Susovan.WiproCodingTest;
				PRODUCT_NAME = "$(TARGET_NAME)";
				SWIFT_VERSION = 4.2;
				TARGETED_DEVICE_FAMILY = "1,2";
			};
			name = Debug;
		};
		5C2D7E032237FF87008A25B0 /* Release */ = {
			isa = XCBuildConfiguration;
			baseConfigurationReference = 8F159DFC9E6391C7B41EEFF9 /* Pods-WiproCodingTest.release.xcconfig */;
			buildSettings = {
				ASSETCATALOG_COMPILER_APPICON_NAME = AppIcon;
				CODE_SIGN_STYLE = Automatic;
				INFOPLIST_FILE = WiproCodingTest/Info.plist;
				LD_RUNPATH_SEARCH_PATHS = (
					"$(inherited)",
					"@executable_path/Frameworks",
				);
				PRODUCT_BUNDLE_IDENTIFIER = Susovan.WiproCodingTest;
				PRODUCT_NAME = "$(TARGET_NAME)";
				SWIFT_VERSION = 4.2;
				TARGETED_DEVICE_FAMILY = "1,2";
			};
			name = Release;
		};
		5C2D7E052237FF87008A25B0 /* Debug */ = {
			isa = XCBuildConfiguration;
			baseConfigurationReference = F86CCB32E2876EEC20E10E31 /* Pods-WiproCodingTestTests.debug.xcconfig */;
			buildSettings = {
				ALWAYS_EMBED_SWIFT_STANDARD_LIBRARIES = YES;
				BUNDLE_LOADER = "$(TEST_HOST)";
				CODE_SIGN_STYLE = Automatic;
				INFOPLIST_FILE = WiproCodingTestTests/Info.plist;
				LD_RUNPATH_SEARCH_PATHS = (
					"$(inherited)",
					"@executable_path/Frameworks",
					"@loader_path/Frameworks",
				);
				PRODUCT_BUNDLE_IDENTIFIER = Susovan.WiproCodingTestTests;
				PRODUCT_NAME = "$(TARGET_NAME)";
				SWIFT_VERSION = 4.2;
				TARGETED_DEVICE_FAMILY = "1,2";
				TEST_HOST = "$(BUILT_PRODUCTS_DIR)/WiproCodingTest.app/WiproCodingTest";
			};
			name = Debug;
		};
		5C2D7E062237FF87008A25B0 /* Release */ = {
			isa = XCBuildConfiguration;
			baseConfigurationReference = 25760086C564DC1A65F4F445 /* Pods-WiproCodingTestTests.release.xcconfig */;
			buildSettings = {
				ALWAYS_EMBED_SWIFT_STANDARD_LIBRARIES = YES;
				BUNDLE_LOADER = "$(TEST_HOST)";
				CODE_SIGN_STYLE = Automatic;
				INFOPLIST_FILE = WiproCodingTestTests/Info.plist;
				LD_RUNPATH_SEARCH_PATHS = (
					"$(inherited)",
					"@executable_path/Frameworks",
					"@loader_path/Frameworks",
				);
				PRODUCT_BUNDLE_IDENTIFIER = Susovan.WiproCodingTestTests;
				PRODUCT_NAME = "$(TARGET_NAME)";
				SWIFT_VERSION = 4.2;
				TARGETED_DEVICE_FAMILY = "1,2";
				TEST_HOST = "$(BUILT_PRODUCTS_DIR)/WiproCodingTest.app/WiproCodingTest";
			};
			name = Release;
		};
		5C2D7E082237FF87008A25B0 /* Debug */ = {
			isa = XCBuildConfiguration;
			baseConfigurationReference = 706DE9F4AE573FEF6AE8D2D9 /* Pods-WiproCodingTestUITests.debug.xcconfig */;
			buildSettings = {
				ALWAYS_EMBED_SWIFT_STANDARD_LIBRARIES = YES;
				CODE_SIGN_STYLE = Automatic;
				INFOPLIST_FILE = WiproCodingTestUITests/Info.plist;
				LD_RUNPATH_SEARCH_PATHS = (
					"$(inherited)",
					"@executable_path/Frameworks",
					"@loader_path/Frameworks",
				);
				PRODUCT_BUNDLE_IDENTIFIER = Susovan.WiproCodingTestUITests;
				PRODUCT_NAME = "$(TARGET_NAME)";
				SWIFT_VERSION = 4.2;
				TARGETED_DEVICE_FAMILY = "1,2";
				TEST_TARGET_NAME = WiproCodingTest;
			};
			name = Debug;
		};
		5C2D7E092237FF87008A25B0 /* Release */ = {
			isa = XCBuildConfiguration;
			baseConfigurationReference = F18D1B86B57F72DE752A58F9 /* Pods-WiproCodingTestUITests.release.xcconfig */;
			buildSettings = {
				ALWAYS_EMBED_SWIFT_STANDARD_LIBRARIES = YES;
				CODE_SIGN_STYLE = Automatic;
				INFOPLIST_FILE = WiproCodingTestUITests/Info.plist;
				LD_RUNPATH_SEARCH_PATHS = (
					"$(inherited)",
					"@executable_path/Frameworks",
					"@loader_path/Frameworks",
				);
				PRODUCT_BUNDLE_IDENTIFIER = Susovan.WiproCodingTestUITests;
				PRODUCT_NAME = "$(TARGET_NAME)";
				SWIFT_VERSION = 4.2;
				TARGETED_DEVICE_FAMILY = "1,2";
				TEST_TARGET_NAME = WiproCodingTest;
			};
			name = Release;
		};
/* End XCBuildConfiguration section */

/* Begin XCConfigurationList section */
		5C2D7DD12237FF86008A25B0 /* Build configuration list for PBXProject "WiproCodingTest" */ = {
			isa = XCConfigurationList;
			buildConfigurations = (
				5C2D7DFF2237FF87008A25B0 /* Debug */,
				5C2D7E002237FF87008A25B0 /* Release */,
			);
			defaultConfigurationIsVisible = 0;
			defaultConfigurationName = Release;
		};
		5C2D7E012237FF87008A25B0 /* Build configuration list for PBXNativeTarget "WiproCodingTest" */ = {
			isa = XCConfigurationList;
			buildConfigurations = (
				5C2D7E022237FF87008A25B0 /* Debug */,
				5C2D7E032237FF87008A25B0 /* Release */,
			);
			defaultConfigurationIsVisible = 0;
			defaultConfigurationName = Release;
		};
		5C2D7E042237FF87008A25B0 /* Build configuration list for PBXNativeTarget "WiproCodingTestTests" */ = {
			isa = XCConfigurationList;
			buildConfigurations = (
				5C2D7E052237FF87008A25B0 /* Debug */,
				5C2D7E062237FF87008A25B0 /* Release */,
			);
			defaultConfigurationIsVisible = 0;
			defaultConfigurationName = Release;
		};
		5C2D7E072237FF87008A25B0 /* Build configuration list for PBXNativeTarget "WiproCodingTestUITests" */ = {
			isa = XCConfigurationList;
			buildConfigurations = (
				5C2D7E082237FF87008A25B0 /* Debug */,
				5C2D7E092237FF87008A25B0 /* Release */,
			);
			defaultConfigurationIsVisible = 0;
			defaultConfigurationName = Release;
		};
/* End XCConfigurationList section */

/* Begin XCVersionGroup section */
		5C2D7DE02237FF86008A25B0 /* WiproCodingTest.xcdatamodeld */ = {
			isa = XCVersionGroup;
			children = (
				5C2D7DE12237FF86008A25B0 /* WiproCodingTest.xcdatamodel */,
			);
			currentVersion = 5C2D7DE12237FF86008A25B0 /* WiproCodingTest.xcdatamodel */;
			path = WiproCodingTest.xcdatamodeld;
			sourceTree = "<group>";
			versionGroupType = wrapper.xcdatamodel;
		};
/* End XCVersionGroup section */
	};
	rootObject = 5C2D7DCE2237FF86008A25B0 /* Project object */;
}
